
Microsoft Visual Studio Solution File, Format Version 12.00
# Visual Studio Version 16
VisualStudioVersion = 16.0.30907.101
MinimumVisualStudioVersion = 10.0.40219.1
Project("{FAE04EC0-301F-11D3-BF4B-00C04F79EFBC}") = "autousc", "autoumc\autousc.csproj", "{5CC089AE-53D1-4B1A-8A9F-3741F257DE0D}"
EndProject
Project("{FAE04EC0-301F-11D3-BF4B-00C04F79EFBC}") = "psmfdump", "psmfdump\psmfdump.csproj", "{20C20100-8F05-4F07-96E7-360B0E9DAC15}"
EndProject
Global
	GlobalSection(SolutionConfigurationPlatforms) = preSolution
		Debug|Any CPU = Debug|Any CPU
		Release|Any CPU = Release|Any CPU
	EndGlobalSection
	GlobalSection(ProjectConfigurationPlatforms) = postSolution
		{5CC089AE-53D1-4B1A-8A9F-3741F257DE0D}.Debug|Any CPU.ActiveCfg = Debug|Any CPU
		{5CC089AE-53D1-4B1A-8A9F-3741F257DE0D}.Debug|Any CPU.Build.0 = Debug|Any CPU
		{5CC089AE-53D1-4B1A-8A9F-3741F257DE0D}.Release|Any CPU.ActiveCfg = Release|Any CPU
		{5CC089AE-53D1-4B1A-8A9F-3741F257DE0D}.Release|Any CPU.Build.0 = Release|Any CPU
		{20C20100-8F05-4F07-96E7-360B0E9DAC15}.Debug|Any CPU.ActiveCfg = Debug|Any CPU
		{20C20100-8F05-4F07-96E7-360B0E9DAC15}.Debug|Any CPU.Build.0 = Debug|Any CPU
		{20C20100-8F05-4F07-96E7-360B0E9DAC15}.Release|Any CPU.ActiveCfg = Release|Any CPU
		{20C20100-8F05-4F07-96E7-360B0E9DAC15}.Release|Any CPU.Build.0 = Release|Any CPU
	EndGlobalSection
	GlobalSection(SolutionProperties) = preSolution
		HideSolutionNode = FALSE
	EndGlobalSection
	GlobalSection(ExtensibilityGlobals) = postSolution
		SolutionGuid = {1736384B-77B0-47DE-8477-4F7E7184E392}
	EndGlobalSection
EndGlobal
